{
  "requires": true,
  "lockfileVersion": 1,
  "dependencies": {
    "mdbootstrap": {
      "version": "4.19.0",
      "resolved": "https://registry.npmjs.org/mdbootstrap/-/mdbootstrap-4.19.0.tgz",
      "integrity": "sha512-znMvzFGzfjRNO70wv2PXdGsFYb6VwAQ1LUw1r07fpREXhSFKAvAhoBZbaz+pOu8tiOzXBm62Y0H9Bm3C/197rw=="
    },
    "mdbootstrap-pro": {
      "version": "git+https://oauth2:hkGyn7jE3oxGSfh1oWt1@git.mdbootstrap.com/mdb/jquery/jq-pro.git#55665396a7c0a6e271a41f9be6f778393b642f22",
      "from": "git+https://oauth2:hkGyn7jE3oxGSfh1oWt1@git.mdbootstrap.com/mdb/jquery/jq-pro.git"
    }
  }
}
